
Microsoft Visual Studio Solution File, Format Version 12.00
# Visual Studio Version 17
VisualStudioVersion = 17.1.32414.318
MinimumVisualStudioVersion = 10.0.40219.1
Project("{FAE04EC0-301F-11D3-BF4B-00C04F79EFBC}") = "App1", "App1.csproj", "{0C3A0F96-B099-4E23-83C6-886A09D03979}"
EndProject
Global
	GlobalSection(SolutionConfigurationPlatforms) = preSolution
		Debug|ARM = Debug|ARM
		Debug|ARM64 = Debug|ARM64
		Debug|x64 = Debug|x64
		Debug|x86 = Debug|x86
		Release|ARM = Release|ARM
		Release|ARM64 = Release|ARM64
		Release|x64 = Release|x64
		Release|x86 = Release|x86
	EndGlobalSection
	GlobalSection(ProjectConfigurationPlatforms) = postSolution
		{0C3A0F96-B099-4E23-83C6-886A09D03979}.Debug|ARM.ActiveCfg = Debug|ARM
		{0C3A0F96-B099-4E23-83C6-886A09D03979}.Debug|ARM.Build.0 = Debug|ARM
		{0C3A0F96-B099-4E23-83C6-886A09D03979}.Debug|ARM.Deploy.0 = Debug|ARM
		{0C3A0F96-B099-4E23-83C6-886A09D03979}.Debug|ARM64.ActiveCfg = Debug|ARM64
		{0C3A0F96-B099-4E23-83C6-886A09D03979}.Debug|ARM64.Build.0 = Debug|ARM64
		{0C3A0F96-B099-4E23-83C6-886A09D03979}.Debug|ARM64.Deploy.0 = Debug|ARM64
		{0C3A0F96-B099-4E23-83C6-886A09D03979}.Debug|x64.ActiveCfg = Debug|x64
		{0C3A0F96-B099-4E23-83C6-886A09D03979}.Debug|x64.Build.0 = Debug|x64
		{0C3A0F96-B099-4E23-83C6-886A09D03979}.Debug|x64.Deploy.0 = Debug|x64
		{0C3A0F96-B099-4E23-83C6-886A09D03979}.Debug|x86.ActiveCfg = Debug|x86
		{0C3A0F96-B099-4E23-83C6-886A09D03979}.Debug|x86.Build.0 = Debug|x86
		{0C3A0F96-B099-4E23-83C6-886A09D03979}.Debug|x86.Deploy.0 = Debug|x86
		{0C3A0F96-B099-4E23-83C6-886A09D03979}.Release|ARM.ActiveCfg = Release|ARM
		{0C3A0F96-B099-4E23-83C6-886A09D03979}.Release|ARM.Build.0 = Release|ARM
		{0C3A0F96-B099-4E23-83C6-886A09D03979}.Release|ARM.Deploy.0 = Release|ARM
		{0C3A0F96-B099-4E23-83C6-886A09D03979}.Release|ARM64.ActiveCfg = Release|ARM64
		{0C3A0F96-B099-4E23-83C6-886A09D03979}.Release|ARM64.Build.0 = Release|ARM64
		{0C3A0F96-B099-4E23-83C6-886A09D03979}.Release|ARM64.Deploy.0 = Release|ARM64
		{0C3A0F96-B099-4E23-83C6-886A09D03979}.Release|x64.ActiveCfg = Release|x64
		{0C3A0F96-B099-4E23-83C6-886A09D03979}.Release|x64.Build.0 = Release|x64
		{0C3A0F96-B099-4E23-83C6-886A09D03979}.Release|x64.Deploy.0 = Release|x64
		{0C3A0F96-B099-4E23-83C6-886A09D03979}.Release|x86.ActiveCfg = Release|x86
		{0C3A0F96-B099-4E23-83C6-886A09D03979}.Release|x86.Build.0 = Release|x86
		{0C3A0F96-B099-4E23-83C6-886A09D03979}.Release|x86.Deploy.0 = Release|x86
	EndGlobalSection
	GlobalSection(SolutionProperties) = preSolution
		HideSolutionNode = FALSE
	EndGlobalSection
	GlobalSection(ExtensibilityGlobals) = postSolution
		SolutionGuid = {19C3CEF2-B75C-4DF6-A9B2-F45438789F46}
	EndGlobalSection
EndGlobal
